
Microsoft Visual Studio Solution File, Format Version 12.00
# Visual Studio 15
VisualStudioVersion = 15.0.26730.16
MinimumVisualStudioVersion = 10.0.40219.1
Project("{FAE04EC0-301F-11D3-BF4B-00C04F79EFBC}") = "VSHelloWorld_150221099", "VSHelloWorld_150221099\VSHelloWorld_150221099.csproj", "{C911BBFF-FBAD-4367-98B6-C5204423C2B4}"
EndProject
Global
	GlobalSection(SolutionConfigurationPlatforms) = preSolution
		Debug|Any CPU = Debug|Any CPU
		Release|Any CPU = Release|Any CPU
	EndGlobalSection
	GlobalSection(ProjectConfigurationPlatforms) = postSolution
		{C911BBFF-FBAD-4367-98B6-C5204423C2B4}.Debug|Any CPU.ActiveCfg = Debug|Any CPU
		{C911BBFF-FBAD-4367-98B6-C5204423C2B4}.Debug|Any CPU.Build.0 = Debug|Any CPU
		{C911BBFF-FBAD-4367-98B6-C5204423C2B4}.Release|Any CPU.ActiveCfg = Release|Any CPU
		{C911BBFF-FBAD-4367-98B6-C5204423C2B4}.Release|Any CPU.Build.0 = Release|Any CPU
	EndGlobalSection
	GlobalSection(SolutionProperties) = preSolution
		HideSolutionNode = FALSE
	EndGlobalSection
	GlobalSection(ExtensibilityGlobals) = postSolution
		SolutionGuid = {94711E6D-2B54-45B3-8AC1-D7650926FF0E}
	EndGlobalSection
EndGlobal
